
Microsoft Visual Studio Solution File, Format Version 12.00
# Visual Studio Version 17
VisualStudioVersion = 17.3.32804.467
MinimumVisualStudioVersion = 10.0.40219.1
Project("{FAE04EC0-301F-11D3-BF4B-00C04F79EFBC}") = "NotUygulamasi", "NotUygulamasi\NotUygulamasi.csproj", "{F850C730-002E-4C0A-B612-A5B4B020299D}"
EndProject
Global
	GlobalSection(SolutionConfigurationPlatforms) = preSolution
		Debug|Any CPU = Debug|Any CPU
		Release|Any CPU = Release|Any CPU
	EndGlobalSection
	GlobalSection(ProjectConfigurationPlatforms) = postSolution
		{F850C730-002E-4C0A-B612-A5B4B020299D}.Debug|Any CPU.ActiveCfg = Debug|Any CPU
		{F850C730-002E-4C0A-B612-A5B4B020299D}.Debug|Any CPU.Build.0 = Debug|Any CPU
		{F850C730-002E-4C0A-B612-A5B4B020299D}.Release|Any CPU.ActiveCfg = Release|Any CPU
		{F850C730-002E-4C0A-B612-A5B4B020299D}.Release|Any CPU.Build.0 = Release|Any CPU
	EndGlobalSection
	GlobalSection(SolutionProperties) = preSolution
		HideSolutionNode = FALSE
	EndGlobalSection
	GlobalSection(ExtensibilityGlobals) = postSolution
		SolutionGuid = {41EE0CDE-BAE4-4525-9C1A-1EE4FA8294FD}
	EndGlobalSection
EndGlobal
